
Microsoft Visual Studio Solution File, Format Version 12.00
# Visual Studio Version 17
VisualStudioVersion = 17.11.35327.3
MinimumVisualStudioVersion = 10.0.40219.1
Project("{FAE04EC0-301F-11D3-BF4B-00C04F79EFBC}") = "taktir teşekkür hesaplama", "taktir teşekkür hesaplama\taktir teşekkür hesaplama.csproj", "{FC4C9A2C-254D-4FAA-97CB-8BEF4A882312}"
EndProject
Global
	GlobalSection(SolutionConfigurationPlatforms) = preSolution
		Debug|Any CPU = Debug|Any CPU
		Release|Any CPU = Release|Any CPU
	EndGlobalSection
	GlobalSection(ProjectConfigurationPlatforms) = postSolution
		{FC4C9A2C-254D-4FAA-97CB-8BEF4A882312}.Debug|Any CPU.ActiveCfg = Debug|Any CPU
		{FC4C9A2C-254D-4FAA-97CB-8BEF4A882312}.Debug|Any CPU.Build.0 = Debug|Any CPU
		{FC4C9A2C-254D-4FAA-97CB-8BEF4A882312}.Release|Any CPU.ActiveCfg = Release|Any CPU
		{FC4C9A2C-254D-4FAA-97CB-8BEF4A882312}.Release|Any CPU.Build.0 = Release|Any CPU
	EndGlobalSection
	GlobalSection(SolutionProperties) = preSolution
		HideSolutionNode = FALSE
	EndGlobalSection
	GlobalSection(ExtensibilityGlobals) = postSolution
		SolutionGuid = {D5B20D92-3775-4328-BBFD-62F7A0E6FBE0}
	EndGlobalSection
EndGlobal
