
Microsoft Visual Studio Solution File, Format Version 12.00
# Visual Studio Version 17
VisualStudioVersion = 17.13.35931.197 d17.13
MinimumVisualStudioVersion = 10.0.40219.1
Project("{FAE04EC0-301F-11D3-BF4B-00C04F79EFBC}") = "radio", "radio\radio.csproj", "{0D8D01F2-DCDF-438F-A651-C9AF2DB7ADA6}"
EndProject
Global
	GlobalSection(SolutionConfigurationPlatforms) = preSolution
		Debug|Any CPU = Debug|Any CPU
		Release|Any CPU = Release|Any CPU
	EndGlobalSection
	GlobalSection(ProjectConfigurationPlatforms) = postSolution
		{0D8D01F2-DCDF-438F-A651-C9AF2DB7ADA6}.Debug|Any CPU.ActiveCfg = Debug|Any CPU
		{0D8D01F2-DCDF-438F-A651-C9AF2DB7ADA6}.Debug|Any CPU.Build.0 = Debug|Any CPU
		{0D8D01F2-DCDF-438F-A651-C9AF2DB7ADA6}.Release|Any CPU.ActiveCfg = Release|Any CPU
		{0D8D01F2-DCDF-438F-A651-C9AF2DB7ADA6}.Release|Any CPU.Build.0 = Release|Any CPU
	EndGlobalSection
	GlobalSection(SolutionProperties) = preSolution
		HideSolutionNode = FALSE
	EndGlobalSection
	GlobalSection(ExtensibilityGlobals) = postSolution
		SolutionGuid = {246FAD1A-404B-4549-A5AD-4C70A8316C71}
	EndGlobalSection
EndGlobal
